
Microsoft Visual Studio Solution File, Format Version 12.00
# Visual Studio 14
VisualStudioVersion = 14.0.24720.0
MinimumVisualStudioVersion = 10.0.40219.1
Project("{FAE04EC0-301F-11D3-BF4B-00C04F79EFBC}") = "HOFCWindows", "HOFCWindows\HOFCWindows.csproj", "{7CEB4145-66DC-44B3-9943-FB6E17002721}"
EndProject
Global
	GlobalSection(SolutionConfigurationPlatforms) = preSolution
		Debug|ARM = Debug|ARM
		Debug|x64 = Debug|x64
		Debug|x86 = Debug|x86
		Release|ARM = Release|ARM
		Release|x64 = Release|x64
		Release|x86 = Release|x86
	EndGlobalSection
	GlobalSection(ProjectConfigurationPlatforms) = postSolution
		{7CEB4145-66DC-44B3-9943-FB6E17002721}.Debug|ARM.ActiveCfg = Debug|ARM
		{7CEB4145-66DC-44B3-9943-FB6E17002721}.Debug|ARM.Build.0 = Debug|ARM
		{7CEB4145-66DC-44B3-9943-FB6E17002721}.Debug|ARM.Deploy.0 = Debug|ARM
		{7CEB4145-66DC-44B3-9943-FB6E17002721}.Debug|x64.ActiveCfg = Debug|x64
		{7CEB4145-66DC-44B3-9943-FB6E17002721}.Debug|x64.Build.0 = Debug|x64
		{7CEB4145-66DC-44B3-9943-FB6E17002721}.Debug|x64.Deploy.0 = Debug|x64
		{7CEB4145-66DC-44B3-9943-FB6E17002721}.Debug|x86.ActiveCfg = Debug|x86
		{7CEB4145-66DC-44B3-9943-FB6E17002721}.Debug|x86.Build.0 = Debug|x86
		{7CEB4145-66DC-44B3-9943-FB6E17002721}.Debug|x86.Deploy.0 = Debug|x86
		{7CEB4145-66DC-44B3-9943-FB6E17002721}.Release|ARM.ActiveCfg = Release|ARM
		{7CEB4145-66DC-44B3-9943-FB6E17002721}.Release|ARM.Build.0 = Release|ARM
		{7CEB4145-66DC-44B3-9943-FB6E17002721}.Release|ARM.Deploy.0 = Release|ARM
		{7CEB4145-66DC-44B3-9943-FB6E17002721}.Release|x64.ActiveCfg = Release|x64
		{7CEB4145-66DC-44B3-9943-FB6E17002721}.Release|x64.Build.0 = Release|x64
		{7CEB4145-66DC-44B3-9943-FB6E17002721}.Release|x64.Deploy.0 = Release|x64
		{7CEB4145-66DC-44B3-9943-FB6E17002721}.Release|x86.ActiveCfg = Release|x86
		{7CEB4145-66DC-44B3-9943-FB6E17002721}.Release|x86.Build.0 = Release|x86
		{7CEB4145-66DC-44B3-9943-FB6E17002721}.Release|x86.Deploy.0 = Release|x86
	EndGlobalSection
	GlobalSection(SolutionProperties) = preSolution
		HideSolutionNode = FALSE
	EndGlobalSection
EndGlobal
